uuid: 65db0cc0-00ac-4a87-9bd1-e6e260a4e4a6
langcode: en
status: false
dependencies:
  content:
    - 'block_content:toppageblock:db47ea43-df1e-499e-8a05-3243abd1a3f0'
  module:
    - block_content
    - system
  theme:
    - green_theme
id: green_theme_fashiontopblock
theme: green_theme
region: content_above
weight: 0
provider: null
plugin: 'block_content:db47ea43-df1e-499e-8a05-3243abd1a3f0'
settings:
  id: 'block_content:db47ea43-df1e-499e-8a05-3243abd1a3f0'
  label: 'Fashion Top Block'
  label_display: '0'
  provider: block_content
  status: true
  info: ''
  view_mode: full
visibility:
  request_path:
    id: request_path
    negate: false
    pages: /fashion
